<?xml version="1.0" encoding="utf-8"?>
<Project ToolsVersion="4.0" xmlns="http://schemas.microsoft.com/developer/msbuild/2003">
  <ItemGroup>
    <Filter Include="Source Files">
      <UniqueIdentifier>{4FC737F1-C7A5-4376-A066-2A32D752A2FF}</UniqueIdentifier>
      <Extensions>cpp;c;cc;cxx;def;odl;idl;hpj;bat;asm;asmx</Extensions>
    </Filter>
    <Filter Include="Header Files">
      <UniqueIdentifier>{93995380-89BD-4b04-88EB-625FBE52EBFB}</UniqueIdentifier>
      <Extensions>h;hh;hpp;hxx;hm;inl;inc;xsd</Extensions>
    </Filter>
    <Filter Include="Resource Files">
      <UniqueIdentifier>{67DA6AB6-F800-4c08-8B7A-83BB121AAD01}</UniqueIdentifier>
      <Extensions>rc;ico;cur;bmp;dlg;rc2;rct;bin;rgs;gif;jpg;jpeg;jpe;resx;tiff;tif;png;wav;mfcribbon-ms</Extensions>
    </Filter>
  </ItemGroup>
  <ItemGroup>
    <ClCompile Include="Set.cpp">
      <Filter>Source Files</Filter>
    </ClCompile>
    <ClCompile Include="ejsClase.cpp">
      <Filter>Source Files</Filter>
    </ClCompile>
    <ClCompile Include="Stack.cpp">
      <Filter>Source Files</Filter>
    </ClCompile>
    <ClCompile Include="tardeDeSabado_TD.cpp">
      <Filter>Source Files</Filter>
    </ClCompile>
    <ClCompile Include="Hora - Copy.cpp">
      <Filter>Source Files</Filter>
    </ClCompile>
    <ClCompile Include="proximoTren.cpp">
      <Filter>Source Files</Filter>
    </ClCompile>
    <ClCompile Include="invQueue.cpp">
      <Filter>Source Files</Filter>
    </ClCompile>
    <ClCompile Include="dupeQueue.cpp">
      <Filter>Source Files</Filter>
    </ClCompile>
    <ClCompile Include="ColaVIP.cpp">
      <Filter>Source Files</Filter>
    </ClCompile>
    <ClCompile Include="dehesapilar.cpp">
      <Filter>Source Files</Filter>
    </ClCompile>
  </ItemGroup>
  <ItemGroup>
    <ClInclude Include="Set.h">
      <Filter>Header Files</Filter>
    </ClInclude>
    <ClInclude Include="Hora.h">
      <Filter>Header Files</Filter>
    </ClInclude>
    <ClInclude Include="Exception.h">
      <Filter>Header Files</Filter>
    </ClInclude>
    <ClInclude Include="Peli.h">
      <Filter>Header Files</Filter>
    </ClInclude>
    <ClInclude Include="Stack.h">
      <Filter>Header Files</Filter>
    </ClInclude>
    <ClInclude Include="Hora - Copy.h">
      <Filter>Header Files</Filter>
    </ClInclude>
    <ClInclude Include="List.h">
      <Filter>Header Files</Filter>
    </ClInclude>
    <ClInclude Include="ListaEnlazada.h">
      <Filter>Header Files</Filter>
    </ClInclude>
    <ClInclude Include="StaticStack.h">
      <Filter>Header Files</Filter>
    </ClInclude>
    <ClInclude Include="VectorDinamico.h">
      <Filter>Header Files</Filter>
    </ClInclude>
    <ClInclude Include="Deque.h">
      <Filter>Header Files</Filter>
    </ClInclude>
    <ClInclude Include="Exceptions.h">
      <Filter>Header Files</Filter>
    </ClInclude>
    <ClInclude Include="LinkedListStack.h">
      <Filter>Header Files</Filter>
    </ClInclude>
    <ClInclude Include="invQueue.h">
      <Filter>Header Files</Filter>
    </ClInclude>
    <ClInclude Include="Queue.h">
      <Filter>Header Files</Filter>
    </ClInclude>
    <ClInclude Include="dupeQueue.h">
      <Filter>Header Files</Filter>
    </ClInclude>
    <ClInclude Include="ColaVIP.h">
      <Filter>Header Files</Filter>
    </ClInclude>
  </ItemGroup>
</Project>